// !$*UTF8*$!
{
	archiveVersion = 1;
	classes = {
	};
	objectVersion = 46;
	objects = {

/* Begin PBXBuildFile section */
		9211D5891E05B05F007660D3 /* Media.xcassets in Resources */ = {isa = PBXBuildFile; fileRef = 9211D5881E05B05F007660D3 /* Media.xcassets */; };
		9231F56D1E05585600E83D01 /* Main.storyboard in Resources */ = {isa = PBXBuildFile; fileRef = 9231F56C1E05585600E83D01 /* Main.storyboard */; };
		9231F5701E05589500E83D01 /* PSMainViewController.m in Sources */ = {isa = PBXBuildFile; fileRef = 9231F56F1E05589500E83D01 /* PSMainViewController.m */; };
		9231F57E1E05625600E83D01 /* Launch Screen.storyboard in Resources */ = {isa = PBXBuildFile; fileRef = 9231F57D1E05625600E83D01 /* Launch Screen.storyboard */; };
		9231F5841E058C5800E83D01 /* PSApiManager.m in Sources */ = {isa = PBXBuildFile; fileRef = 9231F5831E058C5800E83D01 /* PSApiManager.m */; };
		C5690170FA76D150CF0686FA /* libPods-MotionJpegImageView.a in Frameworks */ = {isa = PBXBuildFile; fileRef = AD7E8F52601D348FFBF9D023 /* libPods-MotionJpegImageView.a */; };
		C636B828143B7538008CB95D /* UIKit.framework in Frameworks */ = {isa = PBXBuildFile; fileRef = C636B827143B7538008CB95D /* UIKit.framework */; };
		C636B82A143B7538008CB95D /* Foundation.framework in Frameworks */ = {isa = PBXBuildFile; fileRef = C636B829143B7538008CB95D /* Foundation.framework */; };
		C636B82C143B7538008CB95D /* CoreGraphics.framework in Frameworks */ = {isa = PBXBuildFile; fileRef = C636B82B143B7538008CB95D /* CoreGraphics.framework */; };
		C636B834143B7538008CB95D /* main.m in Sources */ = {isa = PBXBuildFile; fileRef = C636B833143B7538008CB95D /* main.m */; };
		C636B838143B7538008CB95D /* MotionJpegImageViewAppDelegate.mm in Sources */ = {isa = PBXBuildFile; fileRef = C636B837143B7538008CB95D /* MotionJpegImageViewAppDelegate.mm */; };
		C636B83C143B7538008CB95D /* PSAppDelegate.m in Sources */ = {isa = PBXBuildFile; fileRef = C636B83B143B7538008CB95D /* PSAppDelegate.m */; };
		C636B83F143B7538008CB95D /* MainWindow_iPhone.xib in Resources */ = {isa = PBXBuildFile; fileRef = C636B83D143B7538008CB95D /* MainWindow_iPhone.xib */; };
		C636B84D143B760E008CB95D /* Localizable.strings in Resources */ = {isa = PBXBuildFile; fileRef = C636B84C143B760E008CB95D /* Localizable.strings */; };
		C636B850143B7622008CB95D /* MotionJpegImageView.mm in Sources */ = {isa = PBXBuildFile; fileRef = C636B84F143B7622008CB95D /* MotionJpegImageView.mm */; };
/* End PBXBuildFile section */

/* Begin PBXFileReference section */
		0C423F4FF198E32AB81BEE42 /* Pods-MotionJpegImageView.release.xcconfig */ = {isa = PBXFileReference; includeInIndex = 1; lastKnownFileType = text.xcconfig; name = "Pods-MotionJpegImageView.release.xcconfig"; path = "Pods/Target Support Files/Pods-MotionJpegImageView/Pods-MotionJpegImageView.release.xcconfig"; sourceTree = "<group>"; };
		9211D5881E05B05F007660D3 /* Media.xcassets */ = {isa = PBXFileReference; lastKnownFileType = folder.assetcatalog; path = Media.xcassets; sourceTree = "<group>"; };
		9231F56C1E05585600E83D01 /* Main.storyboard */ = {isa = PBXFileReference; fileEncoding = 4; lastKnownFileType = file.storyboard; path = Main.storyboard; sourceTree = "<group>"; };
		9231F56E1E05589500E83D01 /* PSMainViewController.h */ = {isa = PBXFileReference; fileEncoding = 4; lastKnownFileType = sourcecode.c.h; path = PSMainViewController.h; sourceTree = "<group>"; };
		9231F56F1E05589500E83D01 /* PSMainViewController.m */ = {isa = PBXFileReference; fileEncoding = 4; lastKnownFileType = sourcecode.c.objc; path = PSMainViewController.m; sourceTree = "<group>"; };
		9231F57D1E05625600E83D01 /* Launch Screen.storyboard */ = {isa = PBXFileReference; fileEncoding = 4; lastKnownFileType = file.storyboard; path = "Launch Screen.storyboard"; sourceTree = "<group>"; };
		9231F5821E058C5800E83D01 /* PSApiManager.h */ = {isa = PBXFileReference; fileEncoding = 4; lastKnownFileType = sourcecode.c.h; path = PSApiManager.h; sourceTree = "<group>"; };
		9231F5831E058C5800E83D01 /* PSApiManager.m */ = {isa = PBXFileReference; fileEncoding = 4; lastKnownFileType = sourcecode.c.objc; path = PSApiManager.m; sourceTree = "<group>"; };
		AD7E8F52601D348FFBF9D023 /* libPods-MotionJpegImageView.a */ = {isa = PBXFileReference; explicitFileType = archive.ar; includeInIndex = 0; path = "libPods-MotionJpegImageView.a"; sourceTree = BUILT_PRODUCTS_DIR; };
		C636B823143B7538008CB95D /* Petsee.app */ = {isa = PBXFileReference; explicitFileType = wrapper.application; includeInIndex = 0; path = Petsee.app; sourceTree = BUILT_PRODUCTS_DIR; };
		C636B827143B7538008CB95D /* UIKit.framework */ = {isa = PBXFileReference; lastKnownFileType = wrapper.framework; name = UIKit.framework; path = System/Library/Frameworks/UIKit.framework; sourceTree = SDKROOT; };
		C636B829143B7538008CB95D /* Foundation.framework */ = {isa = PBXFileReference; lastKnownFileType = wrapper.framework; name = Foundation.framework; path = System/Library/Frameworks/Foundation.framework; sourceTree = SDKROOT; };
		C636B82B143B7538008CB95D /* CoreGraphics.framework */ = {isa = PBXFileReference; lastKnownFileType = wrapper.framework; name = CoreGraphics.framework; path = System/Library/Frameworks/CoreGraphics.framework; sourceTree = SDKROOT; };
		C636B82F143B7538008CB95D /* Petsee-Info.plist */ = {isa = PBXFileReference; lastKnownFileType = text.plist.xml; path = "Petsee-Info.plist"; sourceTree = "<group>"; };
		C636B833143B7538008CB95D /* main.m */ = {isa = PBXFileReference; lastKnownFileType = sourcecode.c.objc; path = main.m; sourceTree = "<group>"; };
		C636B835143B7538008CB95D /* Petsee-Prefix.pch */ = {isa = PBXFileReference; lastKnownFileType = sourcecode.c.h; path = "Petsee-Prefix.pch"; sourceTree = "<group>"; };
		C636B836143B7538008CB95D /* MotionJpegImageViewAppDelegate.h */ = {isa = PBXFileReference; lastKnownFileType = sourcecode.c.h; path = MotionJpegImageViewAppDelegate.h; sourceTree = "<group>"; };
		C636B837143B7538008CB95D /* MotionJpegImageViewAppDelegate.mm */ = {isa = PBXFileReference; lastKnownFileType = sourcecode.cpp.objcpp; path = MotionJpegImageViewAppDelegate.mm; sourceTree = "<group>"; };
		C636B83A143B7538008CB95D /* PSAppDelegate.h */ = {isa = PBXFileReference; lastKnownFileType = sourcecode.c.h; name = PSAppDelegate.h; path = iPhone/PSAppDelegate.h; sourceTree = "<group>"; };
		C636B83B143B7538008CB95D /* PSAppDelegate.m */ = {isa = PBXFileReference; lastKnownFileType = sourcecode.c.objc; name = PSAppDelegate.m; path = iPhone/PSAppDelegate.m; sourceTree = "<group>"; };
		C636B83E143B7538008CB95D /* en */ = {isa = PBXFileReference; lastKnownFileType = file.xib; name = en; path = iPhone/en.lproj/MainWindow_iPhone.xib; sourceTree = "<group>"; };
		C636B84C143B760E008CB95D /* Localizable.strings */ = {isa = PBXFileReference; fileEncoding = 4; lastKnownFileType = text.plist.strings; path = Localizable.strings; sourceTree = "<group>"; };
		C636B84E143B7622008CB95D /* MotionJpegImageView.h */ = {isa = PBXFileReference; fileEncoding = 4; lastKnownFileType = sourcecode.c.h; path = MotionJpegImageView.h; sourceTree = "<group>"; };
		C636B84F143B7622008CB95D /* MotionJpegImageView.mm */ = {isa = PBXFileReference; fileEncoding = 4; lastKnownFileType = sourcecode.cpp.objcpp; path = MotionJpegImageView.mm; sourceTree = "<group>"; };
		D27DA724DCB128BE9DBBE628 /* Pods-MotionJpegImageView.debug.xcconfig */ = {isa = PBXFileReference; includeInIndex = 1; lastKnownFileType = text.xcconfig; name = "Pods-MotionJpegImageView.debug.xcconfig"; path = "Pods/Target Support Files/Pods-MotionJpegImageView/Pods-MotionJpegImageView.debug.xcconfig"; sourceTree = "<group>"; };
/* End PBXFileReference section */

/* Begin PBXFrameworksBuildPhase section */
		C636B820143B7538008CB95D /* Frameworks */ = {
			isa = PBXFrameworksBuildPhase;
			buildActionMask = 2147483647;
			files = (
				C636B828143B7538008CB95D /* UIKit.framework in Frameworks */,
				C636B82A143B7538008CB95D /* Foundation.framework in Frameworks */,
				C636B82C143B7538008CB95D /* CoreGraphics.framework in Frameworks */,
				C5690170FA76D150CF0686FA /* libPods-MotionJpegImageView.a in Frameworks */,
			);
			runOnlyForDeploymentPostprocessing = 0;
		};
/* End PBXFrameworksBuildPhase section */

/* Begin PBXGroup section */
		9211D58A1E05E9CE007660D3 /* Application */ = {
			isa = PBXGroup;
			children = (
				C636B83A143B7538008CB95D /* PSAppDelegate.h */,
				C636B83B143B7538008CB95D /* PSAppDelegate.m */,
			);
			name = Application;
			sourceTree = "<group>";
		};
		9211D58B1E05E9DB007660D3 /* MotionJpemImageView */ = {
			isa = PBXGroup;
			children = (
				C636B836143B7538008CB95D /* MotionJpegImageViewAppDelegate.h */,
				C636B837143B7538008CB95D /* MotionJpegImageViewAppDelegate.mm */,
				C636B84E143B7622008CB95D /* MotionJpegImageView.h */,
				C636B84F143B7622008CB95D /* MotionJpegImageView.mm */,
			);
			name = MotionJpemImageView;
			sourceTree = "<group>";
		};
		9231F57F1E058C1600E83D01 /* Vendors */ = {
			isa = PBXGroup;
			children = (
				9211D58B1E05E9DB007660D3 /* MotionJpemImageView */,
			);
			name = Vendors;
			sourceTree = "<group>";
		};
		9231F5801E058C2C00E83D01 /* ViewControllers */ = {
			isa = PBXGroup;
			children = (
				9231F56E1E05589500E83D01 /* PSMainViewController.h */,
				9231F56F1E05589500E83D01 /* PSMainViewController.m */,
			);
			name = ViewControllers;
			sourceTree = "<group>";
		};
		9231F5811E058C4000E83D01 /* Model */ = {
			isa = PBXGroup;
			children = (
				9231F5821E058C5800E83D01 /* PSApiManager.h */,
				9231F5831E058C5800E83D01 /* PSApiManager.m */,
			);
			name = Model;
			sourceTree = "<group>";
		};
		C636B818143B7538008CB95D = {
			isa = PBXGroup;
			children = (
				C636B82D143B7538008CB95D /* Petsee */,
				C636B826143B7538008CB95D /* Frameworks */,
				C636B824143B7538008CB95D /* Products */,
				F91B142A99098EDD6C8CF82B /* Pods */,
			);
			sourceTree = "<group>";
		};
		C636B824143B7538008CB95D /* Products */ = {
			isa = PBXGroup;
			children = (
				C636B823143B7538008CB95D /* Petsee.app */,
			);
			name = Products;
			sourceTree = "<group>";
		};
		C636B826143B7538008CB95D /* Frameworks */ = {
			isa = PBXGroup;
			children = (
				C636B827143B7538008CB95D /* UIKit.framework */,
				C636B829143B7538008CB95D /* Foundation.framework */,
				C636B82B143B7538008CB95D /* CoreGraphics.framework */,
				AD7E8F52601D348FFBF9D023 /* libPods-MotionJpegImageView.a */,
			);
			name = Frameworks;
			sourceTree = "<group>";
		};
		C636B82D143B7538008CB95D /* Petsee */ = {
			isa = PBXGroup;
			children = (
				9211D58A1E05E9CE007660D3 /* Application */,
				9231F5811E058C4000E83D01 /* Model */,
				C636B839143B7538008CB95D /* StoryBoards */,
				9231F5801E058C2C00E83D01 /* ViewControllers */,
				9231F57F1E058C1600E83D01 /* Vendors */,
				C636B82E143B7538008CB95D /* Supporting Files */,
			);
			name = Petsee;
			path = MotionJpegImageView;
			sourceTree = "<group>";
		};
		C636B82E143B7538008CB95D /* Supporting Files */ = {
			isa = PBXGroup;
			children = (
				C636B82F143B7538008CB95D /* Petsee-Info.plist */,
				C636B833143B7538008CB95D /* main.m */,
				C636B835143B7538008CB95D /* Petsee-Prefix.pch */,
				C636B84C143B760E008CB95D /* Localizable.strings */,
				9211D5881E05B05F007660D3 /* Media.xcassets */,
			);
			name = "Supporting Files";
			sourceTree = "<group>";
		};
		C636B839143B7538008CB95D /* StoryBoards */ = {
			isa = PBXGroup;
			children = (
				C636B83D143B7538008CB95D /* MainWindow_iPhone.xib */,
				9231F56C1E05585600E83D01 /* Main.storyboard */,
				9231F57D1E05625600E83D01 /* Launch Screen.storyboard */,
			);
			name = StoryBoards;
			sourceTree = "<group>";
		};
		F91B142A99098EDD6C8CF82B /* Pods */ = {
			isa = PBXGroup;
			children = (
				D27DA724DCB128BE9DBBE628 /* Pods-MotionJpegImageView.debug.xcconfig */,
				0C423F4FF198E32AB81BEE42 /* Pods-MotionJpegImageView.release.xcconfig */,
			);
			name = Pods;
			sourceTree = "<group>";
		};
/* End PBXGroup section */

/* Begin PBXNativeTarget section */
		C636B822143B7538008CB95D /* Petsee */ = {
			isa = PBXNativeTarget;
			buildConfigurationList = C636B849143B7538008CB95D /* Build configuration list for PBXNativeTarget "Petsee" */;
			buildPhases = (
				E27C1E2122E3863469879D67 /* [CP] Check Pods Manifest.lock */,
				C636B81F143B7538008CB95D /* Sources */,
				C636B820143B7538008CB95D /* Frameworks */,
				C636B821143B7538008CB95D /* Resources */,
				C75C024A03EF3F90D86A6847 /* [CP] Embed Pods Frameworks */,
				1500B491553EE0D43E1CDB1B /* [CP] Copy Pods Resources */,
			);
			buildRules = (
			);
			dependencies = (
			);
			name = Petsee;
			productName = MotionJpegImageView;
			productReference = C636B823143B7538008CB95D /* Petsee.app */;
			productType = "com.apple.product-type.application";
		};
/* End PBXNativeTarget section */

/* Begin PBXProject section */
		C636B81A143B7538008CB95D /* Project object */ = {
			isa = PBXProject;
			attributes = {
				ORGANIZATIONNAME = "ThinkFlood Inc";
				TargetAttributes = {
					C636B822143B7538008CB95D = {
						DevelopmentTeam = XMY24F5S72;
					};
				};
			};
			buildConfigurationList = C636B81D143B7538008CB95D /* Build configuration list for PBXProject "Petsee" */;
			compatibilityVersion = "Xcode 3.2";
			developmentRegion = English;
			hasScannedForEncodings = 0;
			knownRegions = (
				en,
			);
			mainGroup = C636B818143B7538008CB95D;
			productRefGroup = C636B824143B7538008CB95D /* Products */;
			projectDirPath = "";
			projectRoot = "";
			targets = (
				C636B822143B7538008CB95D /* Petsee */,
			);
		};
/* End PBXProject section */

/* Begin PBXResourcesBuildPhase section */
		C636B821143B7538008CB95D /* Resources */ = {
			isa = PBXResourcesBuildPhase;
			buildActionMask = 2147483647;
			files = (
				9211D5891E05B05F007660D3 /* Media.xcassets in Resources */,
				C636B83F143B7538008CB95D /* MainWindow_iPhone.xib in Resources */,
				C636B84D143B760E008CB95D /* Localizable.strings in Resources */,
				9231F57E1E05625600E83D01 /* Launch Screen.storyboard in Resources */,
				9231F56D1E05585600E83D01 /* Main.storyboard in Resources */,
			);
			runOnlyForDeploymentPostprocessing = 0;
		};
/* End PBXResourcesBuildPhase section */

/* Begin PBXShellScriptBuildPhase section */
		1500B491553EE0D43E1CDB1B /* [CP] Copy Pods Resources */ = {
			isa = PBXShellScriptBuildPhase;
			buildActionMask = 2147483647;
			files = (
			);
			inputPaths = (
			);
			name = "[CP] Copy Pods Resources";
			outputPaths = (
			);
			runOnlyForDeploymentPostprocessing = 0;
			shellPath = /bin/sh;
			shellScript = "\"${SRCROOT}/Pods/Target Support Files/Pods-MotionJpegImageView/Pods-MotionJpegImageView-resources.sh\"\n";
			showEnvVarsInLog = 0;
		};
		C75C024A03EF3F90D86A6847 /* [CP] Embed Pods Frameworks */ = {
			isa = PBXShellScriptBuildPhase;
			buildActionMask = 2147483647;
			files = (
			);
			inputPaths = (
			);
			name = "[CP] Embed Pods Frameworks";
			outputPaths = (
			);
			runOnlyForDeploymentPostprocessing = 0;
			shellPath = /bin/sh;
			shellScript = "\"${SRCROOT}/Pods/Target Support Files/Pods-MotionJpegImageView/Pods-MotionJpegImageView-frameworks.sh\"\n";
			showEnvVarsInLog = 0;
		};
		E27C1E2122E3863469879D67 /* [CP] Check Pods Manifest.lock */ = {
			isa = PBXShellScriptBuildPhase;
			buildActionMask = 2147483647;
			files = (
			);
			inputPaths = (
			);
			name = "[CP] Check Pods Manifest.lock";
			outputPaths = (
			);
			runOnlyForDeploymentPostprocessing = 0;
			shellPath = /bin/sh;
			shellScript = "diff \"${PODS_ROOT}/../Podfile.lock\" \"${PODS_ROOT}/Manifest.lock\" > /dev/null\nif [ $? != 0 ] ; then\n    # print error to STDERR\n    echo \"error: The sandbox is not in sync with the Podfile.lock. Run 'pod install' or update your CocoaPods installation.\" >&2\n    exit 1\nfi\n";
			showEnvVarsInLog = 0;
		};
/* End PBXShellScriptBuildPhase section */

/* Begin PBXSourcesBuildPhase section */
		C636B81F143B7538008CB95D /* Sources */ = {
			isa = PBXSourcesBuildPhase;
			buildActionMask = 2147483647;
			files = (
				C636B834143B7538008CB95D /* main.m in Sources */,
				C636B838143B7538008CB95D /* MotionJpegImageViewAppDelegate.mm in Sources */,
				9231F5701E05589500E83D01 /* PSMainViewController.m in Sources */,
				C636B83C143B7538008CB95D /* PSAppDelegate.m in Sources */,
				C636B850143B7622008CB95D /* MotionJpegImageView.mm in Sources */,
				9231F5841E058C5800E83D01 /* PSApiManager.m in Sources */,
			);
			runOnlyForDeploymentPostprocessing = 0;
		};
/* End PBXSourcesBuildPhase section */

/* Begin PBXVariantGroup section */
		C636B83D143B7538008CB95D /* MainWindow_iPhone.xib */ = {
			isa = PBXVariantGroup;
			children = (
				C636B83E143B7538008CB95D /* en */,
			);
			name = MainWindow_iPhone.xib;
			sourceTree = "<group>";
		};
/* End PBXVariantGroup section */

/* Begin XCBuildConfiguration section */
		C636B847143B7538008CB95D /* Debug */ = {
			isa = XCBuildConfiguration;
			buildSettings = {
				ALWAYS_SEARCH_USER_PATHS = NO;
				ARCHS = "$(ARCHS_STANDARD_32_BIT)";
				"CODE_SIGN_IDENTITY[sdk=iphoneos*]" = "iPhone Developer";
				COPY_PHASE_STRIP = NO;
				GCC_C_LANGUAGE_STANDARD = gnu99;
				GCC_DYNAMIC_NO_PIC = NO;
				GCC_OPTIMIZATION_LEVEL = 0;
				GCC_PREPROCESSOR_DEFINITIONS = (
					"DEBUG=1",
					"$(inherited)",
				);
				GCC_SYMBOLS_PRIVATE_EXTERN = NO;
				GCC_VERSION = com.apple.compilers.llvmgcc42;
				GCC_WARN_ABOUT_MISSING_PROTOTYPES = YES;
				GCC_WARN_ABOUT_RETURN_TYPE = YES;
				GCC_WARN_UNUSED_VARIABLE = YES;
				IPHONEOS_DEPLOYMENT_TARGET = 4.3;
				SDKROOT = iphoneos;
				TARGETED_DEVICE_FAMILY = "1,2";
			};
			name = Debug;
		};
		C636B848143B7538008CB95D /* Release */ = {
			isa = XCBuildConfiguration;
			buildSettings = {
				ALWAYS_SEARCH_USER_PATHS = NO;
				ARCHS = "$(ARCHS_STANDARD_32_BIT)";
				"CODE_SIGN_IDENTITY[sdk=iphoneos*]" = "iPhone Developer";
				COPY_PHASE_STRIP = YES;
				GCC_C_LANGUAGE_STANDARD = gnu99;
				GCC_VERSION = com.apple.compilers.llvmgcc42;
				GCC_WARN_ABOUT_MISSING_PROTOTYPES = YES;
				GCC_WARN_ABOUT_RETURN_TYPE = YES;
				GCC_WARN_UNUSED_VARIABLE = YES;
				IPHONEOS_DEPLOYMENT_TARGET = 4.3;
				OTHER_CFLAGS = "-DNS_BLOCK_ASSERTIONS=1";
				SDKROOT = iphoneos;
				TARGETED_DEVICE_FAMILY = "1,2";
				VALIDATE_PRODUCT = YES;
			};
			name = Release;
		};
		C636B84A143B7538008CB95D /* Debug */ = {
			isa = XCBuildConfiguration;
			baseConfigurationReference = D27DA724DCB128BE9DBBE628 /* Pods-MotionJpegImageView.debug.xcconfig */;
			buildSettings = {
				DEVELOPMENT_TEAM = XMY24F5S72;
				GCC_PRECOMPILE_PREFIX_HEADER = YES;
				GCC_PREFIX_HEADER = "MotionJpegImageView/Petsee-Prefix.pch";
				GCC_VERSION = "";
				INFOPLIST_FILE = "MotionJpegImageView/Petsee-Info.plist";
				IPHONEOS_DEPLOYMENT_TARGET = 8.0;
				PRODUCT_BUNDLE_IDENTIFIER = com.hiTechParkBelarus;
				PRODUCT_NAME = "$(TARGET_NAME)";
				WRAPPER_EXTENSION = app;
			};
			name = Debug;
		};
		C636B84B143B7538008CB95D /* Release */ = {
			isa = XCBuildConfiguration;
			baseConfigurationReference = 0C423F4FF198E32AB81BEE42 /* Pods-MotionJpegImageView.release.xcconfig */;
			buildSettings = {
				DEVELOPMENT_TEAM = XMY24F5S72;
				GCC_PRECOMPILE_PREFIX_HEADER = YES;
				GCC_PREFIX_HEADER = "MotionJpegImageView/Petsee-Prefix.pch";
				GCC_VERSION = "";
				INFOPLIST_FILE = "MotionJpegImageView/Petsee-Info.plist";
				IPHONEOS_DEPLOYMENT_TARGET = 8.0;
				PRODUCT_BUNDLE_IDENTIFIER = com.hiTechParkBelarus;
				PRODUCT_NAME = "$(TARGET_NAME)";
				WRAPPER_EXTENSION = app;
			};
			name = Release;
		};
/* End XCBuildConfiguration section */

/* Begin XCConfigurationList section */
		C636B81D143B7538008CB95D /* Build configuration list for PBXProject "Petsee" */ = {
			isa = XCConfigurationList;
			buildConfigurations = (
				C636B847143B7538008CB95D /* Debug */,
				C636B848143B7538008CB95D /* Release */,
			);
			defaultConfigurationIsVisible = 0;
			defaultConfigurationName = Release;
		};
		C636B849143B7538008CB95D /* Build configuration list for PBXNativeTarget "Petsee" */ = {
			isa = XCConfigurationList;
			buildConfigurations = (
				C636B84A143B7538008CB95D /* Debug */,
				C636B84B143B7538008CB95D /* Release */,
			);
			defaultConfigurationIsVisible = 0;
			defaultConfigurationName = Release;
		};
/* End XCConfigurationList section */
	};
	rootObject = C636B81A143B7538008CB95D /* Project object */;
}
